
Microsoft Visual Studio Solution File, Format Version 12.00
# Visual Studio Version 17
VisualStudioVersion = 17.8.34004.107
MinimumVisualStudioVersion = 10.0.40219.1
Project("{FAE04EC0-301F-11D3-BF4B-00C04F79EFBC}") = "SpecFlowProj", "SpecFlowProj.csproj", "{526FB0B6-FAD5-44C4-A80D-7183C6C8F3E5}"
EndProject
Project("{FAE04EC0-301F-11D3-BF4B-00C04F79EFBC}") = "ClassLibrary1", "..\ClassLibrary1\ClassLibrary1.csproj", "{40B7C568-E99A-493D-99BC-353D1938E80C}"
EndProject
Global
	GlobalSection(SolutionConfigurationPlatforms) = preSolution
		Debug|Any CPU = Debug|Any CPU
		Release|Any CPU = Release|Any CPU
	EndGlobalSection
	GlobalSection(ProjectConfigurationPlatforms) = postSolution
		{526FB0B6-FAD5-44C4-A80D-7183C6C8F3E5}.Debug|Any CPU.ActiveCfg = Debug|Any CPU
		{526FB0B6-FAD5-44C4-A80D-7183C6C8F3E5}.Debug|Any CPU.Build.0 = Debug|Any CPU
		{526FB0B6-FAD5-44C4-A80D-7183C6C8F3E5}.Release|Any CPU.ActiveCfg = Release|Any CPU
		{526FB0B6-FAD5-44C4-A80D-7183C6C8F3E5}.Release|Any CPU.Build.0 = Release|Any CPU
		{40B7C568-E99A-493D-99BC-353D1938E80C}.Debug|Any CPU.ActiveCfg = Debug|Any CPU
		{40B7C568-E99A-493D-99BC-353D1938E80C}.Debug|Any CPU.Build.0 = Debug|Any CPU
		{40B7C568-E99A-493D-99BC-353D1938E80C}.Release|Any CPU.ActiveCfg = Release|Any CPU
		{40B7C568-E99A-493D-99BC-353D1938E80C}.Release|Any CPU.Build.0 = Release|Any CPU
	EndGlobalSection
	GlobalSection(SolutionProperties) = preSolution
		HideSolutionNode = FALSE
	EndGlobalSection
	GlobalSection(ExtensibilityGlobals) = postSolution
		SolutionGuid = {4DD86EE1-7558-4B91-BBBB-593BC9BAA92A}
	EndGlobalSection
EndGlobal
